PODS:
  - AliPlayerSDK_iOS (5.5.3.0):
    - AliPlayerSDK_iOS/AliPlayerSDK (= 5.5.3.0)
  - AliPlayerSDK_iOS/AliPlayerSDK (5.5.3.0)
  - IQKeyboardManager (6.5.10)
  - LMJDropdownMenu (3.0.4)
  - Masonry (1.1.0)
  - SVProgressHUD (2.2.5)
  - TXLiteAVSDK_Professional (10.6.11822):
    - TXLiteAVSDK_Professional/Professional (= 10.6.11822)
  - TXLiteAVSDK_Professional/Professional (10.6.11822)

DEPENDENCIES:
  - AliPlayerSDK_iOS
  - IQKeyboardManager
  - LMJDropdownMenu
  - Masonry
  - SVProgressHUD
  - TXLiteAVSDK_Professional (= 10.6.11822)

SPEC REPOS:
  trunk:
    - AliPlayerSDK_iOS
    - IQKeyboardManager
    - LMJDropdownMenu
    - Masonry
    - SVProgressHUD
    - TXLiteAVSDK_Professional

SPEC CHECKSUMS:
  AliPlayerSDK_iOS: 5d8abf1de4ed1fe5bc53ce36ebaab40902ad44b8
  IQKeyboardManager: 45a1fa55c1a5b02c61ac0fd7fd5b62bb4ad20d97
  LMJDropdownMenu: 50c74e9d50a480c290fec47eb575826861d0823b
  Masonry: 678fab65091a9290e40e2832a55e7ab731aad201
  SVProgressHUD: 1428aafac632c1f86f62aa4243ec12008d7a51d6
  TXLiteAVSDK_Professional: bf4a21487cc98d973af4fb0589b215abcbf67dd0

PODFILE CHECKSUM: 9afa4b83bf34d4e25e51b3bb673125f9993682ff

COCOAPODS: 1.11.3
